# This file is automatically @generated by Cargo.
# It is not intended for manual editing.
version = 4

[[package]]
name = "consumer_cli"
version = "0.1.0"
dependencies = [
 "queutie_common",
]

[[package]]
name = "producer_cli"
version = "0.1.0"
dependencies = [
 "queutie_common",
]

[[package]]
name = "queutie_common"
version = "0.1.0"

[[package]]
name = "server"
version = "0.1.0"
dependencies = [
 "queutie_common",
]
